<Solution>
  <Folder Name="/src/">
    <Project Path="src/StudentRegistration.Academics/StudentRegistration.Academics.csproj" />
    <Project Path="src/StudentRegistration.Api/StudentRegistration.Api.csproj" />
    <Project Path="src/StudentRegistration.Client/StudentRegistration.Client.csproj" />
    <Project Path="src/StudentRegistration.Contracts/StudentRegistration.Contracts.csproj" />
    <Project Path="src/StudentRegistration.IdentityAccess/StudentRegistration.IdentityAccess.csproj" />
    <Project Path="src/StudentRegistration.Infrastructure.SqlServer/StudentRegistration.Infrastructure.SqlServer.csproj" />
    <Project Path="src/StudentRegistration.Registration/StudentRegistration.Registration.csproj" />
    <Project Path="src/StudentRegistration.Scheduling/StudentRegistration.Scheduling.csproj" />
    <Project Path="src/StudentRegistration.StaffAdministration/StudentRegistration.StaffAdministration.csproj" />
  </Folder>
  <Folder Name="/tests/">
    <Project Path="tests/StudentRegistration.AcceptanceTests/StudentRegistration.AcceptanceTests.csproj" />
    <Project Path="tests/StudentRegistration.AccessibilityTests/StudentRegistration.AccessibilityTests.csproj" />
    <Project Path="tests/StudentRegistration.ArchitectureTests/StudentRegistration.ArchitectureTests.csproj" />
    <Project Path="tests/StudentRegistration.AuthorizationTests/StudentRegistration.AuthorizationTests.csproj" />
    <Project Path="tests/StudentRegistration.Client.UnitTests/StudentRegistration.Client.UnitTests.csproj" />
    <Project Path="tests/StudentRegistration.ContractTests/StudentRegistration.ContractTests.csproj" />
    <Project Path="tests/StudentRegistration.E2ETests/StudentRegistration.E2ETests.csproj" />
    <Project Path="tests/StudentRegistration.IntegrationTests/StudentRegistration.IntegrationTests.csproj" />
    <Project Path="tests/StudentRegistration.LoadTests/StudentRegistration.LoadTests.csproj" />
    <Project Path="tests/StudentRegistration.MigrationTests/StudentRegistration.MigrationTests.csproj" />
    <Project Path="tests/StudentRegistration.OperationsTests/StudentRegistration.OperationsTests.csproj" />
    <Project Path="tests/StudentRegistration.QualityTests/StudentRegistration.QualityTests.csproj" />
    <Project Path="tests/StudentRegistration.RecoveryTests/StudentRegistration.RecoveryTests.csproj" />
    <Project Path="tests/StudentRegistration.ReleaseTests/StudentRegistration.ReleaseTests.csproj" />
    <Project Path="tests/StudentRegistration.SecurityTests/StudentRegistration.SecurityTests.csproj" />
    <Project Path="tests/StudentRegistration.SpecificationTests/StudentRegistration.SpecificationTests.csproj" />
  </Folder>
</Solution>
